
Microsoft Visual Studio Solution File, Format Version 12.00
# Visual Studio Version 16
VisualStudioVersion = 16.0.29709.97
MinimumVisualStudioVersion = 10.0.40219.1
Project("{9A19103F-16F7-4668-BE54-9A1E7A4F7556}") = "Yaba.WebApi", "BudgetAppAPI\Yaba.WebApi.csproj", "{EB857DD5-0318-4C75-A3D6-7E4E5FA50C99}"
EndProject
Project("{2150E333-8FDC-42A3-9474-1A3956D46DE8}") = "src", "src", "{E1C134E7-61CD-4E18-8C81-81C1F4E19C31}"
EndProject
Project("{2150E333-8FDC-42A3-9474-1A3956D46DE8}") = "1 - Presentation", "1 - Presentation", "{AFAB4D4C-1A62-42C9-9D6A-0284414545E9}"
EndProject
Project("{2150E333-8FDC-42A3-9474-1A3956D46DE8}") = "2 - Application", "2 - Application", "{2D4846EF-599A-426E-8FE9-4838E4A85966}"
EndProject
Project("{2150E333-8FDC-42A3-9474-1A3956D46DE8}") = "4 - Infrastructure", "4 - Infrastructure", "{C8FCBF3D-B2DE-4754-B3F9-1D076A03C163}"
EndProject
Project("{2150E333-8FDC-42A3-9474-1A3956D46DE8}") = "3 - Domain", "3 - Domain", "{01762426-A203-40D4-BFC6-258DFCF8EEA7}"
EndProject
Project("{2150E333-8FDC-42A3-9474-1A3956D46DE8}") = "4.1 - Data", "4.1 - Data", "{683C0615-22C5-47A6-BF20-50E91B4460EF}"
EndProject
Project("{2150E333-8FDC-42A3-9474-1A3956D46DE8}") = "4.2 - CrossCutting", "4.2 - CrossCutting", "{1F1D7F71-91FA-495A-934B-CB35E547F236}"
EndProject
Project("{2150E333-8FDC-42A3-9474-1A3956D46DE8}") = "4.3 - Services", "4.3 - Services", "{D616B286-080E-4DD8-87F3-F6320260DA03}"
EndProject
Project("{9A19103F-16F7-4668-BE54-9A1E7A4F7556}") = "Yaba.Domain", "Yaba.Domain\Yaba.Domain.csproj", "{FCA33D67-0B81-4488-A959-ABCD56142291}"
EndProject
Project("{9A19103F-16F7-4668-BE54-9A1E7A4F7556}") = "Yaba.Infrastructure.Persistence", "Yaba.Infrastructure.Persistence\Yaba.Infrastructure.Persistence.csproj", "{EAD68103-9B66-436B-BE28-79F8AE94E0CC}"
EndProject
Project("{9A19103F-16F7-4668-BE54-9A1E7A4F7556}") = "Yaba.Infrastructure.DTO", "Yaba.Infrastructure.DTO\Yaba.Infrastructure.DTO.csproj", "{202890FD-587D-4339-ABD1-D33CD806E650}"
EndProject
Project("{9A19103F-16F7-4668-BE54-9A1E7A4F7556}") = "Yaba.Application", "Yaba.Application\Yaba.Application.csproj", "{5159CB8D-0F0B-4D65-AE24-D89C00EEBE94}"
EndProject
Project("{9A19103F-16F7-4668-BE54-9A1E7A4F7556}") = "Yaba.Infrastructure.Security", "Yaba.Infrastructure.Security\Yaba.Infrastructure.Security.csproj", "{4B3F1754-8AAE-4128-ADD2-C0F97929898C}"
EndProject
Project("{9A19103F-16F7-4668-BE54-9A1E7A4F7556}") = "Yaba.WebJob", "Yaba.WebJob\Yaba.WebJob.csproj", "{55CA9595-8510-47C6-8E2C-D4802DAD0400}"
EndProject
Project("{FAE04EC0-301F-11D3-BF4B-00C04F79EFBC}") = "Yaba.Infrastructure.AzureStorageQueue", "Yaba.Infrastructure.AzureStorageQueue\Yaba.Infrastructure.AzureStorageQueue.csproj", "{D51DAB31-4142-4115-B86E-72501A7764D5}"
EndProject
Global
	GlobalSection(SolutionConfigurationPlatforms) = preSolution
		Debug|Any CPU = Debug|Any CPU
		Release|Any CPU = Release|Any CPU
	EndGlobalSection
	GlobalSection(ProjectConfigurationPlatforms) = postSolution
		{EB857DD5-0318-4C75-A3D6-7E4E5FA50C99}.Debug|Any CPU.ActiveCfg = Debug|Any CPU
		{EB857DD5-0318-4C75-A3D6-7E4E5FA50C99}.Debug|Any CPU.Build.0 = Debug|Any CPU
		{EB857DD5-0318-4C75-A3D6-7E4E5FA50C99}.Release|Any CPU.ActiveCfg = Release|Any CPU
		{EB857DD5-0318-4C75-A3D6-7E4E5FA50C99}.Release|Any CPU.Build.0 = Release|Any CPU
		{FCA33D67-0B81-4488-A959-ABCD56142291}.Debug|Any CPU.ActiveCfg = Debug|Any CPU
		{FCA33D67-0B81-4488-A959-ABCD56142291}.Debug|Any CPU.Build.0 = Debug|Any CPU
		{FCA33D67-0B81-4488-A959-ABCD56142291}.Release|Any CPU.ActiveCfg = Release|Any CPU
		{FCA33D67-0B81-4488-A959-ABCD56142291}.Release|Any CPU.Build.0 = Release|Any CPU
		{EAD68103-9B66-436B-BE28-79F8AE94E0CC}.Debug|Any CPU.ActiveCfg = Debug|Any CPU
		{EAD68103-9B66-436B-BE28-79F8AE94E0CC}.Debug|Any CPU.Build.0 = Debug|Any CPU
		{EAD68103-9B66-436B-BE28-79F8AE94E0CC}.Release|Any CPU.ActiveCfg = Release|Any CPU
		{EAD68103-9B66-436B-BE28-79F8AE94E0CC}.Release|Any CPU.Build.0 = Release|Any CPU
		{202890FD-587D-4339-ABD1-D33CD806E650}.Debug|Any CPU.ActiveCfg = Debug|Any CPU
		{202890FD-587D-4339-ABD1-D33CD806E650}.Debug|Any CPU.Build.0 = Debug|Any CPU
		{202890FD-587D-4339-ABD1-D33CD806E650}.Release|Any CPU.ActiveCfg = Release|Any CPU
		{202890FD-587D-4339-ABD1-D33CD806E650}.Release|Any CPU.Build.0 = Release|Any CPU
		{5159CB8D-0F0B-4D65-AE24-D89C00EEBE94}.Debug|Any CPU.ActiveCfg = Debug|Any CPU
		{5159CB8D-0F0B-4D65-AE24-D89C00EEBE94}.Debug|Any CPU.Build.0 = Debug|Any CPU
		{5159CB8D-0F0B-4D65-AE24-D89C00EEBE94}.Release|Any CPU.ActiveCfg = Release|Any CPU
		{5159CB8D-0F0B-4D65-AE24-D89C00EEBE94}.Release|Any CPU.Build.0 = Release|Any CPU
		{4B3F1754-8AAE-4128-ADD2-C0F97929898C}.Debug|Any CPU.ActiveCfg = Debug|Any CPU
		{4B3F1754-8AAE-4128-ADD2-C0F97929898C}.Debug|Any CPU.Build.0 = Debug|Any CPU
		{4B3F1754-8AAE-4128-ADD2-C0F97929898C}.Release|Any CPU.ActiveCfg = Release|Any CPU
		{4B3F1754-8AAE-4128-ADD2-C0F97929898C}.Release|Any CPU.Build.0 = Release|Any CPU
		{55CA9595-8510-47C6-8E2C-D4802DAD0400}.Debug|Any CPU.ActiveCfg = Debug|Any CPU
		{55CA9595-8510-47C6-8E2C-D4802DAD0400}.Debug|Any CPU.Build.0 = Debug|Any CPU
		{55CA9595-8510-47C6-8E2C-D4802DAD0400}.Release|Any CPU.ActiveCfg = Release|Any CPU
		{55CA9595-8510-47C6-8E2C-D4802DAD0400}.Release|Any CPU.Build.0 = Release|Any CPU
		{D51DAB31-4142-4115-B86E-72501A7764D5}.Debug|Any CPU.ActiveCfg = Debug|Any CPU
		{D51DAB31-4142-4115-B86E-72501A7764D5}.Debug|Any CPU.Build.0 = Debug|Any CPU
		{D51DAB31-4142-4115-B86E-72501A7764D5}.Release|Any CPU.ActiveCfg = Release|Any CPU
		{D51DAB31-4142-4115-B86E-72501A7764D5}.Release|Any CPU.Build.0 = Release|Any CPU
	EndGlobalSection
	GlobalSection(SolutionProperties) = preSolution
		HideSolutionNode = FALSE
	EndGlobalSection
	GlobalSection(NestedProjects) = preSolution
		{EB857DD5-0318-4C75-A3D6-7E4E5FA50C99} = {AFAB4D4C-1A62-42C9-9D6A-0284414545E9}
		{AFAB4D4C-1A62-42C9-9D6A-0284414545E9} = {E1C134E7-61CD-4E18-8C81-81C1F4E19C31}
		{2D4846EF-599A-426E-8FE9-4838E4A85966} = {E1C134E7-61CD-4E18-8C81-81C1F4E19C31}
		{C8FCBF3D-B2DE-4754-B3F9-1D076A03C163} = {E1C134E7-61CD-4E18-8C81-81C1F4E19C31}
		{01762426-A203-40D4-BFC6-258DFCF8EEA7} = {E1C134E7-61CD-4E18-8C81-81C1F4E19C31}
		{683C0615-22C5-47A6-BF20-50E91B4460EF} = {C8FCBF3D-B2DE-4754-B3F9-1D076A03C163}
		{1F1D7F71-91FA-495A-934B-CB35E547F236} = {C8FCBF3D-B2DE-4754-B3F9-1D076A03C163}
		{D616B286-080E-4DD8-87F3-F6320260DA03} = {C8FCBF3D-B2DE-4754-B3F9-1D076A03C163}
		{FCA33D67-0B81-4488-A959-ABCD56142291} = {01762426-A203-40D4-BFC6-258DFCF8EEA7}
		{EAD68103-9B66-436B-BE28-79F8AE94E0CC} = {683C0615-22C5-47A6-BF20-50E91B4460EF}
		{202890FD-587D-4339-ABD1-D33CD806E650} = {1F1D7F71-91FA-495A-934B-CB35E547F236}
		{5159CB8D-0F0B-4D65-AE24-D89C00EEBE94} = {2D4846EF-599A-426E-8FE9-4838E4A85966}
		{4B3F1754-8AAE-4128-ADD2-C0F97929898C} = {D616B286-080E-4DD8-87F3-F6320260DA03}
		{55CA9595-8510-47C6-8E2C-D4802DAD0400} = {AFAB4D4C-1A62-42C9-9D6A-0284414545E9}
		{D51DAB31-4142-4115-B86E-72501A7764D5} = {D616B286-080E-4DD8-87F3-F6320260DA03}
	EndGlobalSection
	GlobalSection(ExtensibilityGlobals) = postSolution
		SolutionGuid = {EABB214B-4FF9-4C2C-9926-1467825E1EFE}
	EndGlobalSection
EndGlobal
